
Microsoft Visual Studio Solution File, Format Version 12.00
# Visual Studio Version 17
VisualStudioVersion = 17.4.33213.308
MinimumVisualStudioVersion = 10.0.40219.1
Project("{FAE04EC0-301F-11D3-BF4B-00C04F79EFBC}") = "FactoryMethod", "FactoryMethod\FactoryMethod.csproj", "{FADAF85F-83FA-4E17-93E0-290140050DD6}"
EndProject
Global
	GlobalSection(SolutionConfigurationPlatforms) = preSolution
		Debug|Any CPU = Debug|Any CPU
		Release|Any CPU = Release|Any CPU
	EndGlobalSection
	GlobalSection(ProjectConfigurationPlatforms) = postSolution
		{FADAF85F-83FA-4E17-93E0-290140050DD6}.Debug|Any CPU.ActiveCfg = Debug|Any CPU
		{FADAF85F-83FA-4E17-93E0-290140050DD6}.Debug|Any CPU.Build.0 = Debug|Any CPU
		{FADAF85F-83FA-4E17-93E0-290140050DD6}.Release|Any CPU.ActiveCfg = Release|Any CPU
		{FADAF85F-83FA-4E17-93E0-290140050DD6}.Release|Any CPU.Build.0 = Release|Any CPU
	EndGlobalSection
	GlobalSection(SolutionProperties) = preSolution
		HideSolutionNode = FALSE
	EndGlobalSection
	GlobalSection(ExtensibilityGlobals) = postSolution
		SolutionGuid = {6AFA71E7-78DF-4F11-9621-7E529C4AD38C}
	EndGlobalSection
EndGlobal
